// !$*UTF8*$!
{
	archiveVersion = 1;
	classes = {
	};
	objectVersion = 46;
	objects = {

/* Begin PBXBuildFile section */
		16067578F23BA6F6C90A6CBC /* Pods_SPTestRailReporterExample.framework in Frameworks */ = {isa = PBXBuildFile; fileRef = 90198AB433031C453268D7D9 /* Pods_SPTestRailReporterExample.framework */; };
		6302243D1CB2E3DC000CD20D /* SPTestRailPlanTests.m in Sources */ = {isa = PBXBuildFile; fileRef = 6302243C1CB2E3DC000CD20D /* SPTestRailPlanTests.m */; };
		6302243F1CB309F1000CD20D /* SPTestRailCaseTests.m in Sources */ = {isa = PBXBuildFile; fileRef = 6302243E1CB309F1000CD20D /* SPTestRailCaseTests.m */; };
		630224431CB32BAD000CD20D /* SPTestRailTestAndResultTests.m in Sources */ = {isa = PBXBuildFile; fileRef = 630224421CB32BAD000CD20D /* SPTestRailTestAndResultTests.m */; };
		630FAF3E1CB8E83B005C1AAC /* SPViewController.m in Sources */ = {isa = PBXBuildFile; fileRef = 630FAF3C1CB8E83B005C1AAC /* SPViewController.m */; };
		630FAF3F1CB8E83B005C1AAC /* SPViewController.xib in Resources */ = {isa = PBXBuildFile; fileRef = 630FAF3D1CB8E83B005C1AAC /* SPViewController.xib */; };
		630FAF411CB8E86B005C1AAC /* Default-568h@2x.png in Resources */ = {isa = PBXBuildFile; fileRef = 630FAF401CB8E86B005C1AAC /* Default-568h@2x.png */; };
		631372471CA225A500B89E89 /* main.m in Sources */ = {isa = PBXBuildFile; fileRef = 631372461CA225A500B89E89 /* main.m */; };
		6313724A1CA225A500B89E89 /* SPAppDelegate.m in Sources */ = {isa = PBXBuildFile; fileRef = 631372491CA225A500B89E89 /* SPAppDelegate.m */; };
		631372521CA225A500B89E89 /* Assets.xcassets in Resources */ = {isa = PBXBuildFile; fileRef = 631372511CA225A500B89E89 /* Assets.xcassets */; };
		631372601CA225A500B89E89 /* SPTestRailProjectTests.m in Sources */ = {isa = PBXBuildFile; fileRef = 6313725F1CA225A500B89E89 /* SPTestRailProjectTests.m */; };
		633749A51CAF2E0600653241 /* SPTestRailUserTests.m in Sources */ = {isa = PBXBuildFile; fileRef = 633749A41CAF2E0600653241 /* SPTestRailUserTests.m */; };
		633749A71CAF40FC00653241 /* SPTestRailMileStoneTests.m in Sources */ = {isa = PBXBuildFile; fileRef = 633749A61CAF40FC00653241 /* SPTestRailMileStoneTests.m */; };
		637D622C1CB2273600ECAEA7 /* SPTestRailSectionTests.m in Sources */ = {isa = PBXBuildFile; fileRef = 637D622B1CB2273600ECAEA7 /* SPTestRailSectionTests.m */; };
		637D622E1CB2388B00ECAEA7 /* SPTestRailSuiteTests.m in Sources */ = {isa = PBXBuildFile; fileRef = 637D622D1CB2388B00ECAEA7 /* SPTestRailSuiteTests.m */; };
		637D62301CB2421700ECAEA7 /* SPTestRailTestRunTests.m in Sources */ = {isa = PBXBuildFile; fileRef = 637D622F1CB2421700ECAEA7 /* SPTestRailTestRunTests.m */; };
		63B8EE851CAE554E00A7C8D5 /* SPTestRailConfigTests.m in Sources */ = {isa = PBXBuildFile; fileRef = 63B8EE841CAE554E00A7C8D5 /* SPTestRailConfigTests.m */; };
		E51E19FBC3733F675E435249 /* Pods_SPTestRailReporterExampleTests.framework in Frameworks */ = {isa = PBXBuildFile; fileRef = FDDCEA51B6929B1560353D51 /* Pods_SPTestRailReporterExampleTests.framework */; };
/* End PBXBuildFile section */

/* Begin PBXContainerItemProxy section */
		6313725C1CA225A500B89E89 /* PBXContainerItemProxy */ = {
			isa = PBXContainerItemProxy;
			containerPortal = 6313723A1CA225A500B89E89 /* Project object */;
			proxyType = 1;
			remoteGlobalIDString = 631372411CA225A500B89E89;
			remoteInfo = SPTestRailReporter;
		};
/* End PBXContainerItemProxy section */

/* Begin PBXFileReference section */
		0D9A4866F1DA3C5639A2F2D0 /* Pods-SPTestRailReporterExample.release.xcconfig */ = {isa = PBXFileReference; includeInIndex = 1; lastKnownFileType = text.xcconfig; name = "Pods-SPTestRailReporterExample.release.xcconfig"; path = "Pods/Target Support Files/Pods-SPTestRailReporterExample/Pods-SPTestRailReporterExample.release.xcconfig"; sourceTree = "<group>"; };
		2EA64AB545627283604589CA /* Pods-SPTestRailReporterExample.debug.xcconfig */ = {isa = PBXFileReference; includeInIndex = 1; lastKnownFileType = text.xcconfig; name = "Pods-SPTestRailReporterExample.debug.xcconfig"; path = "Pods/Target Support Files/Pods-SPTestRailReporterExample/Pods-SPTestRailReporterExample.debug.xcconfig"; sourceTree = "<group>"; };
		6302243C1CB2E3DC000CD20D /* SPTestRailPlanTests.m */ = {isa = PBXFileReference; fileEncoding = 4; lastKnownFileType = sourcecode.c.objc; path = SPTestRailPlanTests.m; sourceTree = "<group>"; };
		6302243E1CB309F1000CD20D /* SPTestRailCaseTests.m */ = {isa = PBXFileReference; fileEncoding = 4; lastKnownFileType = sourcecode.c.objc; path = SPTestRailCaseTests.m; sourceTree = "<group>"; };
		630224421CB32BAD000CD20D /* SPTestRailTestAndResultTests.m */ = {isa = PBXFileReference; fileEncoding = 4; lastKnownFileType = sourcecode.c.objc; path = SPTestRailTestAndResultTests.m; sourceTree = "<group>"; };
		630FAF3B1CB8E83B005C1AAC /* SPViewController.h */ = {isa = PBXFileReference; fileEncoding = 4; lastKnownFileType = sourcecode.c.h; path = SPViewController.h; sourceTree = "<group>"; };
		630FAF3C1CB8E83B005C1AAC /* SPViewController.m */ = {isa = PBXFileReference; fileEncoding = 4; lastKnownFileType = sourcecode.c.objc; path = SPViewController.m; sourceTree = "<group>"; };
		630FAF3D1CB8E83B005C1AAC /* SPViewController.xib */ = {isa = PBXFileReference; fileEncoding = 4; lastKnownFileType = file.xib; path = SPViewController.xib; sourceTree = "<group>"; };
		630FAF401CB8E86B005C1AAC /* Default-568h@2x.png */ = {isa = PBXFileReference; lastKnownFileType = image.png; path = "Default-568h@2x.png"; sourceTree = "<group>"; };
		631372421CA225A500B89E89 /* SPTestRailReporterExample.app */ = {isa = PBXFileReference; explicitFileType = wrapper.application; includeInIndex = 0; path = SPTestRailReporterExample.app; sourceTree = BUILT_PRODUCTS_DIR; };
		631372461CA225A500B89E89 /* main.m */ = {isa = PBXFileReference; lastKnownFileType = sourcecode.c.objc; path = main.m; sourceTree = "<group>"; };
		631372481CA225A500B89E89 /* SPAppDelegate.h */ = {isa = PBXFileReference; lastKnownFileType = sourcecode.c.h; path = SPAppDelegate.h; sourceTree = "<group>"; };
		631372491CA225A500B89E89 /* SPAppDelegate.m */ = {isa = PBXFileReference; lastKnownFileType = sourcecode.c.objc; path = SPAppDelegate.m; sourceTree = "<group>"; };
		631372511CA225A500B89E89 /* Assets.xcassets */ = {isa = PBXFileReference; lastKnownFileType = folder.assetcatalog; path = Assets.xcassets; sourceTree = "<group>"; };
		631372561CA225A500B89E89 /* Info.plist */ = {isa = PBXFileReference; lastKnownFileType = text.plist.xml; path = Info.plist; sourceTree = "<group>"; };
		6313725B1CA225A500B89E89 /* SPTestRailReporterExample.xctest */ = {isa = PBXFileReference; explicitFileType = wrapper.cfbundle; includeInIndex = 0; path = SPTestRailReporterExample.xctest; sourceTree = BUILT_PRODUCTS_DIR; };
		6313725F1CA225A500B89E89 /* SPTestRailProjectTests.m */ = {isa = PBXFileReference; lastKnownFileType = sourcecode.c.objc; path = SPTestRailProjectTests.m; sourceTree = "<group>"; };
		631372611CA225A500B89E89 /* Info.plist */ = {isa = PBXFileReference; lastKnownFileType = text.plist.xml; path = Info.plist; sourceTree = "<group>"; };
		633749A41CAF2E0600653241 /* SPTestRailUserTests.m */ = {isa = PBXFileReference; fileEncoding = 4; lastKnownFileType = sourcecode.c.objc; path = SPTestRailUserTests.m; sourceTree = "<group>"; };
		633749A61CAF40FC00653241 /* SPTestRailMileStoneTests.m */ = {isa = PBXFileReference; fileEncoding = 4; lastKnownFileType = sourcecode.c.objc; path = SPTestRailMileStoneTests.m; sourceTree = "<group>"; };
		637D622B1CB2273600ECAEA7 /* SPTestRailSectionTests.m */ = {isa = PBXFileReference; fileEncoding = 4; lastKnownFileType = sourcecode.c.objc; path = SPTestRailSectionTests.m; sourceTree = "<group>"; };
		637D622D1CB2388B00ECAEA7 /* SPTestRailSuiteTests.m */ = {isa = PBXFileReference; fileEncoding = 4; lastKnownFileType = sourcecode.c.objc; path = SPTestRailSuiteTests.m; sourceTree = "<group>"; };
		637D622F1CB2421700ECAEA7 /* SPTestRailTestRunTests.m */ = {isa = PBXFileReference; fileEncoding = 4; lastKnownFileType = sourcecode.c.objc; path = SPTestRailTestRunTests.m; sourceTree = "<group>"; };
		637E935A1CB7862F00882CE6 /* Default-568h@2x.png */ = {isa = PBXFileReference; lastKnownFileType = image.png; name = "Default-568h@2x.png"; path = "../Default-568h@2x.png"; sourceTree = "<group>"; };
		63B8EE841CAE554E00A7C8D5 /* SPTestRailConfigTests.m */ = {isa = PBXFileReference; fileEncoding = 4; lastKnownFileType = sourcecode.c.objc; path = SPTestRailConfigTests.m; sourceTree = "<group>"; };
		90198AB433031C453268D7D9 /* Pods_SPTestRailReporterExample.framework */ = {isa = PBXFileReference; explicitFileType = wrapper.framework; includeInIndex = 0; path = Pods_SPTestRailReporterExample.framework; sourceTree = BUILT_PRODUCTS_DIR; };
		B01D004513C52A436F93DE6B /* Pods-SPTestRailReporterExampleTests.release.xcconfig */ = {isa = PBXFileReference; includeInIndex = 1; lastKnownFileType = text.xcconfig; name = "Pods-SPTestRailReporterExampleTests.release.xcconfig"; path = "Pods/Target Support Files/Pods-SPTestRailReporterExampleTests/Pods-SPTestRailReporterExampleTests.release.xcconfig"; sourceTree = "<group>"; };
		C97270F125A5BA7BB5FB6636 /* Pods-SPTestRailReporterExampleTests.debug.xcconfig */ = {isa = PBXFileReference; includeInIndex = 1; lastKnownFileType = text.xcconfig; name = "Pods-SPTestRailReporterExampleTests.debug.xcconfig"; path = "Pods/Target Support Files/Pods-SPTestRailReporterExampleTests/Pods-SPTestRailReporterExampleTests.debug.xcconfig"; sourceTree = "<group>"; };
		FDDCEA51B6929B1560353D51 /* Pods_SPTestRailReporterExampleTests.framework */ = {isa = PBXFileReference; explicitFileType = wrapper.framework; includeInIndex = 0; path = Pods_SPTestRailReporterExampleTests.framework; sourceTree = BUILT_PRODUCTS_DIR; };
/* End PBXFileReference section */

/* Begin PBXFrameworksBuildPhase section */
		6313723F1CA225A500B89E89 /* Frameworks */ = {
			isa = PBXFrameworksBuildPhase;
			buildActionMask = 2147483647;
			files = (
				16067578F23BA6F6C90A6CBC /* Pods_SPTestRailReporterExample.framework in Frameworks */,
			);
			runOnlyForDeploymentPostprocessing = 0;
		};
		631372581CA225A500B89E89 /* Frameworks */ = {
			isa = PBXFrameworksBuildPhase;
			buildActionMask = 2147483647;
			files = (
				E51E19FBC3733F675E435249 /* Pods_SPTestRailReporterExampleTests.framework in Frameworks */,
			);
			runOnlyForDeploymentPostprocessing = 0;
		};
/* End PBXFrameworksBuildPhase section */

/* Begin PBXGroup section */
		631372391CA225A500B89E89 = {
			isa = PBXGroup;
			children = (
				630FAF401CB8E86B005C1AAC /* Default-568h@2x.png */,
				631372441CA225A500B89E89 /* SPTestRailReporterExample */,
				6313725E1CA225A500B89E89 /* SPTestRailReporterExampleTests */,
				631372431CA225A500B89E89 /* Products */,
				AC5861CE4C3E9534E229B1B0 /* Pods */,
				6DF19FF2E6954E84D9DE7EFB /* Frameworks */,
			);
			sourceTree = "<group>";
		};
		631372431CA225A500B89E89 /* Products */ = {
			isa = PBXGroup;
			children = (
				631372421CA225A500B89E89 /* SPTestRailReporterExample.app */,
				6313725B1CA225A500B89E89 /* SPTestRailReporterExample.xctest */,
			);
			name = Products;
			sourceTree = "<group>";
		};
		631372441CA225A500B89E89 /* SPTestRailReporterExample */ = {
			isa = PBXGroup;
			children = (
				631372481CA225A500B89E89 /* SPAppDelegate.h */,
				631372491CA225A500B89E89 /* SPAppDelegate.m */,
				630FAF3B1CB8E83B005C1AAC /* SPViewController.h */,
				630FAF3C1CB8E83B005C1AAC /* SPViewController.m */,
				630FAF3D1CB8E83B005C1AAC /* SPViewController.xib */,
				631372511CA225A500B89E89 /* Assets.xcassets */,
				631372561CA225A500B89E89 /* Info.plist */,
				631372451CA225A500B89E89 /* Supporting Files */,
			);
			path = SPTestRailReporterExample;
			sourceTree = "<group>";
		};
		631372451CA225A500B89E89 /* Supporting Files */ = {
			isa = PBXGroup;
			children = (
				637E935A1CB7862F00882CE6 /* Default-568h@2x.png */,
				631372461CA225A500B89E89 /* main.m */,
			);
			name = "Supporting Files";
			sourceTree = "<group>";
		};
		6313725E1CA225A500B89E89 /* SPTestRailReporterExampleTests */ = {
			isa = PBXGroup;
			children = (
				6330EB3D1CAE4C0800180D6A /* Tests */,
				6330EB3F1CAE4C2F00180D6A /* Resources */,
			);
			path = SPTestRailReporterExampleTests;
			sourceTree = "<group>";
		};
		6330EB3D1CAE4C0800180D6A /* Tests */ = {
			isa = PBXGroup;
			children = (
				6313725F1CA225A500B89E89 /* SPTestRailProjectTests.m */,
				63B8EE841CAE554E00A7C8D5 /* SPTestRailConfigTests.m */,
				633749A41CAF2E0600653241 /* SPTestRailUserTests.m */,
				633749A61CAF40FC00653241 /* SPTestRailMileStoneTests.m */,
				637D622B1CB2273600ECAEA7 /* SPTestRailSectionTests.m */,
				637D622D1CB2388B00ECAEA7 /* SPTestRailSuiteTests.m */,
				637D622F1CB2421700ECAEA7 /* SPTestRailTestRunTests.m */,
				6302243C1CB2E3DC000CD20D /* SPTestRailPlanTests.m */,
				6302243E1CB309F1000CD20D /* SPTestRailCaseTests.m */,
				630224421CB32BAD000CD20D /* SPTestRailTestAndResultTests.m */,
			);
			name = Tests;
			sourceTree = "<group>";
		};
		6330EB3F1CAE4C2F00180D6A /* Resources */ = {
			isa = PBXGroup;
			children = (
				631372611CA225A500B89E89 /* Info.plist */,
			);
			name = Resources;
			sourceTree = "<group>";
		};
		6DF19FF2E6954E84D9DE7EFB /* Frameworks */ = {
			isa = PBXGroup;
			children = (
				90198AB433031C453268D7D9 /* Pods_SPTestRailReporterExample.framework */,
				FDDCEA51B6929B1560353D51 /* Pods_SPTestRailReporterExampleTests.framework */,
			);
			name = Frameworks;
			sourceTree = "<group>";
		};
		AC5861CE4C3E9534E229B1B0 /* Pods */ = {
			isa = PBXGroup;
			children = (
				2EA64AB545627283604589CA /* Pods-SPTestRailReporterExample.debug.xcconfig */,
				0D9A4866F1DA3C5639A2F2D0 /* Pods-SPTestRailReporterExample.release.xcconfig */,
				C97270F125A5BA7BB5FB6636 /* Pods-SPTestRailReporterExampleTests.debug.xcconfig */,
				B01D004513C52A436F93DE6B /* Pods-SPTestRailReporterExampleTests.release.xcconfig */,
			);
			name = Pods;
			sourceTree = "<group>";
		};
/* End PBXGroup section */

/* Begin PBXNativeTarget section */
		631372411CA225A500B89E89 /* SPTestRailReporterExample */ = {
			isa = PBXNativeTarget;
			buildConfigurationList = 631372641CA225A500B89E89 /* Build configuration list for PBXNativeTarget "SPTestRailReporterExample" */;
			buildPhases = (
				ADC5DBDEA2D1F5E73E2C516C /* 📦 Check Pods Manifest.lock */,
				6313723E1CA225A500B89E89 /* Sources */,
				6313723F1CA225A500B89E89 /* Frameworks */,
				631372401CA225A500B89E89 /* Resources */,
				A3BC38D99F2242FB6880D345 /* 📦 Embed Pods Frameworks */,
				8C06C905470DD05C314C4301 /* 📦 Copy Pods Resources */,
			);
			buildRules = (
			);
			dependencies = (
			);
			name = SPTestRailReporterExample;
			productName = SPTestRailReporter;
			productReference = 631372421CA225A500B89E89 /* SPTestRailReporterExample.app */;
			productType = "com.apple.product-type.application";
		};
		6313725A1CA225A500B89E89 /* SPTestRailReporterExampleTests */ = {
			isa = PBXNativeTarget;
			buildConfigurationList = 631372671CA225A500B89E89 /* Build configuration list for PBXNativeTarget "SPTestRailReporterExampleTests" */;
			buildPhases = (
				6730431546DD2EEE5614E1C2 /* 📦 Check Pods Manifest.lock */,
				631372571CA225A500B89E89 /* Sources */,
				631372581CA225A500B89E89 /* Frameworks */,
				631372591CA225A500B89E89 /* Resources */,
				8074E37189EC63FA6D67CEA3 /* 📦 Embed Pods Frameworks */,
				A2D575E0085F38DF5261FB2E /* 📦 Copy Pods Resources */,
			);
			buildRules = (
			);
			dependencies = (
				6313725D1CA225A500B89E89 /* PBXTargetDependency */,
			);
			name = SPTestRailReporterExampleTests;
			productName = SPTestRailReporterTests;
			productReference = 6313725B1CA225A500B89E89 /* SPTestRailReporterExample.xctest */;
			productType = "com.apple.product-type.bundle.unit-test";
		};
/* End PBXNativeTarget section */

/* Begin PBXProject section */
		6313723A1CA225A500B89E89 /* Project object */ = {
			isa = PBXProject;
			attributes = {
				LastUpgradeCheck = 0720;
				ORGANIZATIONNAME = "Siddartha Polisetty";
				TargetAttributes = {
					631372411CA225A500B89E89 = {
						CreatedOnToolsVersion = 7.2.1;
					};
					6313725A1CA225A500B89E89 = {
						CreatedOnToolsVersion = 7.2.1;
						TestTargetID = 631372411CA225A500B89E89;
					};
				};
			};
			buildConfigurationList = 6313723D1CA225A500B89E89 /* Build configuration list for PBXProject "SPTestRailReporterExample" */;
			compatibilityVersion = "Xcode 3.2";
			developmentRegion = English;
			hasScannedForEncodings = 0;
			knownRegions = (
				en,
				Base,
			);
			mainGroup = 631372391CA225A500B89E89;
			productRefGroup = 631372431CA225A500B89E89 /* Products */;
			projectDirPath = "";
			projectRoot = "";
			targets = (
				631372411CA225A500B89E89 /* SPTestRailReporterExample */,
				6313725A1CA225A500B89E89 /* SPTestRailReporterExampleTests */,
			);
		};
/* End PBXProject section */

/* Begin PBXResourcesBuildPhase section */
		631372401CA225A500B89E89 /* Resources */ = {
			isa = PBXResourcesBuildPhase;
			buildActionMask = 2147483647;
			files = (
				631372521CA225A500B89E89 /* Assets.xcassets in Resources */,
				630FAF411CB8E86B005C1AAC /* Default-568h@2x.png in Resources */,
				630FAF3F1CB8E83B005C1AAC /* SPViewController.xib in Resources */,
			);
			runOnlyForDeploymentPostprocessing = 0;
		};
		631372591CA225A500B89E89 /* Resources */ = {
			isa = PBXResourcesBuildPhase;
			buildActionMask = 2147483647;
			files = (
			);
			runOnlyForDeploymentPostprocessing = 0;
		};
/* End PBXResourcesBuildPhase section */

/* Begin PBXShellScriptBuildPhase section */
		6730431546DD2EEE5614E1C2 /* 📦 Check Pods Manifest.lock */ = {
			isa = PBXShellScriptBuildPhase;
			buildActionMask = 2147483647;
			files = (
			);
			inputPaths = (
			);
			name = "📦 Check Pods Manifest.lock";
			outputPaths = (
			);
			runOnlyForDeploymentPostprocessing = 0;
			shellPath = /bin/sh;
			shellScript = "diff \"${PODS_ROOT}/../Podfile.lock\" \"${PODS_ROOT}/Manifest.lock\" > /dev/null\nif [[ $? != 0 ]] ; then\n    cat << EOM\nerror: The sandbox is not in sync with the Podfile.lock. Run 'pod install' or update your CocoaPods installation.\nEOM\n    exit 1\nfi\n";
			showEnvVarsInLog = 0;
		};
		8074E37189EC63FA6D67CEA3 /* 📦 Embed Pods Frameworks */ = {
			isa = PBXShellScriptBuildPhase;
			buildActionMask = 2147483647;
			files = (
			);
			inputPaths = (
			);
			name = "📦 Embed Pods Frameworks";
			outputPaths = (
			);
			runOnlyForDeploymentPostprocessing = 0;
			shellPath = /bin/sh;
			shellScript = "\"${SRCROOT}/Pods/Target Support Files/Pods-SPTestRailReporterExampleTests/Pods-SPTestRailReporterExampleTests-frameworks.sh\"\n";
			showEnvVarsInLog = 0;
		};
		8C06C905470DD05C314C4301 /* 📦 Copy Pods Resources */ = {
			isa = PBXShellScriptBuildPhase;
			buildActionMask = 2147483647;
			files = (
			);
			inputPaths = (
			);
			name = "📦 Copy Pods Resources";
			outputPaths = (
			);
			runOnlyForDeploymentPostprocessing = 0;
			shellPath = /bin/sh;
			shellScript = "\"${SRCROOT}/Pods/Target Support Files/Pods-SPTestRailReporterExample/Pods-SPTestRailReporterExample-resources.sh\"\n";
			showEnvVarsInLog = 0;
		};
		A2D575E0085F38DF5261FB2E /* 📦 Copy Pods Resources */ = {
			isa = PBXShellScriptBuildPhase;
			buildActionMask = 2147483647;
			files = (
			);
			inputPaths = (
			);
			name = "📦 Copy Pods Resources";
			outputPaths = (
			);
			runOnlyForDeploymentPostprocessing = 0;
			shellPath = /bin/sh;
			shellScript = "\"${SRCROOT}/Pods/Target Support Files/Pods-SPTestRailReporterExampleTests/Pods-SPTestRailReporterExampleTests-resources.sh\"\n";
			showEnvVarsInLog = 0;
		};
		A3BC38D99F2242FB6880D345 /* 📦 Embed Pods Frameworks */ = {
			isa = PBXShellScriptBuildPhase;
			buildActionMask = 2147483647;
			files = (
			);
			inputPaths = (
			);
			name = "📦 Embed Pods Frameworks";
			outputPaths = (
			);
			runOnlyForDeploymentPostprocessing = 0;
			shellPath = /bin/sh;
			shellScript = "\"${SRCROOT}/Pods/Target Support Files/Pods-SPTestRailReporterExample/Pods-SPTestRailReporterExample-frameworks.sh\"\n";
			showEnvVarsInLog = 0;
		};
		ADC5DBDEA2D1F5E73E2C516C /* 📦 Check Pods Manifest.lock */ = {
			isa = PBXShellScriptBuildPhase;
			buildActionMask = 2147483647;
			files = (
			);
			inputPaths = (
			);
			name = "📦 Check Pods Manifest.lock";
			outputPaths = (
			);
			runOnlyForDeploymentPostprocessing = 0;
			shellPath = /bin/sh;
			shellScript = "diff \"${PODS_ROOT}/../Podfile.lock\" \"${PODS_ROOT}/Manifest.lock\" > /dev/null\nif [[ $? != 0 ]] ; then\n    cat << EOM\nerror: The sandbox is not in sync with the Podfile.lock. Run 'pod install' or update your CocoaPods installation.\nEOM\n    exit 1\nfi\n";
			showEnvVarsInLog = 0;
		};
/* End PBXShellScriptBuildPhase section */

/* Begin PBXSourcesBuildPhase section */
		6313723E1CA225A500B89E89 /* Sources */ = {
			isa = PBXSourcesBuildPhase;
			buildActionMask = 2147483647;
			files = (
				6313724A1CA225A500B89E89 /* SPAppDelegate.m in Sources */,
				631372471CA225A500B89E89 /* main.m in Sources */,
				630FAF3E1CB8E83B005C1AAC /* SPViewController.m in Sources */,
			);
			runOnlyForDeploymentPostprocessing = 0;
		};
		631372571CA225A500B89E89 /* Sources */ = {
			isa = PBXSourcesBuildPhase;
			buildActionMask = 2147483647;
			files = (
				631372601CA225A500B89E89 /* SPTestRailProjectTests.m in Sources */,
				637D62301CB2421700ECAEA7 /* SPTestRailTestRunTests.m in Sources */,
				6302243F1CB309F1000CD20D /* SPTestRailCaseTests.m in Sources */,
				630224431CB32BAD000CD20D /* SPTestRailTestAndResultTests.m in Sources */,
				633749A71CAF40FC00653241 /* SPTestRailMileStoneTests.m in Sources */,
				6302243D1CB2E3DC000CD20D /* SPTestRailPlanTests.m in Sources */,
				637D622C1CB2273600ECAEA7 /* SPTestRailSectionTests.m in Sources */,
				63B8EE851CAE554E00A7C8D5 /* SPTestRailConfigTests.m in Sources */,
				633749A51CAF2E0600653241 /* SPTestRailUserTests.m in Sources */,
				637D622E1CB2388B00ECAEA7 /* SPTestRailSuiteTests.m in Sources */,
			);
			runOnlyForDeploymentPostprocessing = 0;
		};
/* End PBXSourcesBuildPhase section */

/* Begin PBXTargetDependency section */
		6313725D1CA225A500B89E89 /* PBXTargetDependency */ = {
			isa = PBXTargetDependency;
			target = 631372411CA225A500B89E89 /* SPTestRailReporterExample */;
			targetProxy = 6313725C1CA225A500B89E89 /* PBXContainerItemProxy */;
		};
/* End PBXTargetDependency section */

/* Begin XCBuildConfiguration section */
		631372621CA225A500B89E89 /* Debug */ = {
			isa = XCBuildConfiguration;
			buildSettings = {
				ALWAYS_SEARCH_USER_PATHS = NO;
				CLANG_CXX_LANGUAGE_STANDARD = "gnu++0x";
				CLANG_CXX_LIBRARY = "libc++";
				CLANG_ENABLE_MODULES = YES;
				CLANG_ENABLE_OBJC_ARC = YES;
				CLANG_WARN_BOOL_CONVERSION = YES;
				CLANG_WARN_CONSTANT_CONVERSION = YES;
				CLANG_WARN_DIRECT_OBJC_ISA_USAGE = YES_ERROR;
				CLANG_WARN_EMPTY_BODY = YES;
				CLANG_WARN_ENUM_CONVERSION = YES;
				CLANG_WARN_INT_CONVERSION = YES;
				CLANG_WARN_OBJC_ROOT_CLASS = YES_ERROR;
				CLANG_WARN_UNREACHABLE_CODE = YES;
				CLANG_WARN__DUPLICATE_METHOD_MATCH = YES;
				"CODE_SIGN_IDENTITY[sdk=iphoneos*]" = "iPhone Developer";
				COPY_PHASE_STRIP = NO;
				DEBUG_INFORMATION_FORMAT = dwarf;
				ENABLE_STRICT_OBJC_MSGSEND = YES;
				ENABLE_TESTABILITY = YES;
				GCC_C_LANGUAGE_STANDARD = gnu99;
				GCC_DYNAMIC_NO_PIC = NO;
				GCC_NO_COMMON_BLOCKS = YES;
				GCC_OPTIMIZATION_LEVEL = 0;
				GCC_PREPROCESSOR_DEFINITIONS = (
					"DEBUG=1",
					"$(inherited)",
				);
				GCC_WARN_64_TO_32_BIT_CONVERSION = YES;
				GCC_WARN_ABOUT_RETURN_TYPE = YES_ERROR;
				GCC_WARN_UNDECLARED_SELECTOR = YES;
				GCC_WARN_UNINITIALIZED_AUTOS = YES_AGGRESSIVE;
				GCC_WARN_UNUSED_FUNCTION = YES;
				GCC_WARN_UNUSED_VARIABLE = YES;
				IPHONEOS_DEPLOYMENT_TARGET = 9.2;
				MTL_ENABLE_DEBUG_INFO = YES;
				ONLY_ACTIVE_ARCH = YES;
				SDKROOT = iphoneos;
				TARGETED_DEVICE_FAMILY = "1,2";
			};
			name = Debug;
		};
		631372631CA225A500B89E89 /* Release */ = {
			isa = XCBuildConfiguration;
			buildSettings = {
				ALWAYS_SEARCH_USER_PATHS = NO;
				CLANG_CXX_LANGUAGE_STANDARD = "gnu++0x";
				CLANG_CXX_LIBRARY = "libc++";
				CLANG_ENABLE_MODULES = YES;
				CLANG_ENABLE_OBJC_ARC = YES;
				CLANG_WARN_BOOL_CONVERSION = YES;
				CLANG_WARN_CONSTANT_CONVERSION = YES;
				CLANG_WARN_DIRECT_OBJC_ISA_USAGE = YES_ERROR;
				CLANG_WARN_EMPTY_BODY = YES;
				CLANG_WARN_ENUM_CONVERSION = YES;
				CLANG_WARN_INT_CONVERSION = YES;
				CLANG_WARN_OBJC_ROOT_CLASS = YES_ERROR;
				CLANG_WARN_UNREACHABLE_CODE = YES;
				CLANG_WARN__DUPLICATE_METHOD_MATCH = YES;
				"CODE_SIGN_IDENTITY[sdk=iphoneos*]" = "iPhone Developer";
				COPY_PHASE_STRIP = NO;
				DEBUG_INFORMATION_FORMAT = "dwarf-with-dsym";
				ENABLE_NS_ASSERTIONS = NO;
				ENABLE_STRICT_OBJC_MSGSEND = YES;
				GCC_C_LANGUAGE_STANDARD = gnu99;
				GCC_NO_COMMON_BLOCKS = YES;
				GCC_WARN_64_TO_32_BIT_CONVERSION = YES;
				GCC_WARN_ABOUT_RETURN_TYPE = YES_ERROR;
				GCC_WARN_UNDECLARED_SELECTOR = YES;
				GCC_WARN_UNINITIALIZED_AUTOS = YES_AGGRESSIVE;
				GCC_WARN_UNUSED_FUNCTION = YES;
				GCC_WARN_UNUSED_VARIABLE = YES;
				IPHONEOS_DEPLOYMENT_TARGET = 9.2;
				MTL_ENABLE_DEBUG_INFO = NO;
				SDKROOT = iphoneos;
				TARGETED_DEVICE_FAMILY = "1,2";
				VALIDATE_PRODUCT = YES;
			};
			name = Release;
		};
		631372651CA225A500B89E89 /* Debug */ = {
			isa = XCBuildConfiguration;
			baseConfigurationReference = 2EA64AB545627283604589CA /* Pods-SPTestRailReporterExample.debug.xcconfig */;
			buildSettings = {
				ASSETCATALOG_COMPILER_APPICON_NAME = AppIcon;
				INFOPLIST_FILE = SPTestRailReporterExample/Info.plist;
				IPHONEOS_DEPLOYMENT_TARGET = 8.0;
				LD_RUNPATH_SEARCH_PATHS = "$(inherited) @executable_path/Frameworks";
				PRODUCT_BUNDLE_IDENTIFIER = com.siddarthapolisetty.SPTestRailReporterExample;
				PRODUCT_NAME = SPTestRailReporterExample;
			};
			name = Debug;
		};
		631372661CA225A500B89E89 /* Release */ = {
			isa = XCBuildConfiguration;
			baseConfigurationReference = 0D9A4866F1DA3C5639A2F2D0 /* Pods-SPTestRailReporterExample.release.xcconfig */;
			buildSettings = {
				ASSETCATALOG_COMPILER_APPICON_NAME = AppIcon;
				INFOPLIST_FILE = SPTestRailReporterExample/Info.plist;
				IPHONEOS_DEPLOYMENT_TARGET = 8.0;
				LD_RUNPATH_SEARCH_PATHS = "$(inherited) @executable_path/Frameworks";
				PRODUCT_BUNDLE_IDENTIFIER = com.siddarthapolisetty.SPTestRailReporterExample;
				PRODUCT_NAME = SPTestRailReporterExample;
			};
			name = Release;
		};
		631372681CA225A500B89E89 /* Debug */ = {
			isa = XCBuildConfiguration;
			baseConfigurationReference = C97270F125A5BA7BB5FB6636 /* Pods-SPTestRailReporterExampleTests.debug.xcconfig */;
			buildSettings = {
				BUNDLE_LOADER = "$(TEST_HOST)";
				INFOPLIST_FILE = SPTestRailReporterExampleTests/Info.plist;
				LD_RUNPATH_SEARCH_PATHS = "$(inherited) @executable_path/Frameworks @loader_path/Frameworks";
				PRODUCT_BUNDLE_IDENTIFIER = com.siddarthapolisetty.SPTestRailReporterExampleTests;
				PRODUCT_NAME = SPTestRailReporterExample;
				TEST_HOST = "$(BUILT_PRODUCTS_DIR)/SPTestRailReporterExample.app/SPTestRailReporterExample";
			};
			name = Debug;
		};
		631372691CA225A500B89E89 /* Release */ = {
			isa = XCBuildConfiguration;
			baseConfigurationReference = B01D004513C52A436F93DE6B /* Pods-SPTestRailReporterExampleTests.release.xcconfig */;
			buildSettings = {
				BUNDLE_LOADER = "$(TEST_HOST)";
				INFOPLIST_FILE = SPTestRailReporterExampleTests/Info.plist;
				LD_RUNPATH_SEARCH_PATHS = "$(inherited) @executable_path/Frameworks @loader_path/Frameworks";
				PRODUCT_BUNDLE_IDENTIFIER = com.siddarthapolisetty.SPTestRailReporterExampleTests;
				PRODUCT_NAME = SPTestRailReporterExample;
				TEST_HOST = "$(BUILT_PRODUCTS_DIR)/SPTestRailReporterExample.app/SPTestRailReporterExample";
			};
			name = Release;
		};
/* End XCBuildConfiguration section */

/* Begin XCConfigurationList section */
		6313723D1CA225A500B89E89 /* Build configuration list for PBXProject "SPTestRailReporterExample" */ = {
			isa = XCConfigurationList;
			buildConfigurations = (
				631372621CA225A500B89E89 /* Debug */,
				631372631CA225A500B89E89 /* Release */,
			);
			defaultConfigurationIsVisible = 0;
			defaultConfigurationName = Release;
		};
		631372641CA225A500B89E89 /* Build configuration list for PBXNativeTarget "SPTestRailReporterExample" */ = {
			isa = XCConfigurationList;
			buildConfigurations = (
				631372651CA225A500B89E89 /* Debug */,
				631372661CA225A500B89E89 /* Release */,
			);
			defaultConfigurationIsVisible = 0;
			defaultConfigurationName = Release;
		};
		631372671CA225A500B89E89 /* Build configuration list for PBXNativeTarget "SPTestRailReporterExampleTests" */ = {
			isa = XCConfigurationList;
			buildConfigurations = (
				631372681CA225A500B89E89 /* Debug */,
				631372691CA225A500B89E89 /* Release */,
			);
			defaultConfigurationIsVisible = 0;
			defaultConfigurationName = Release;
		};
/* End XCConfigurationList section */
	};
	rootObject = 6313723A1CA225A500B89E89 /* Project object */;
}
